{
  "schema_version": 1,
  "contract": {
    "id": "ishiku-design-5",
    "version": "5.0.0",
    "sha256": "46628d1b69e5c27c3a339a31afbb7c3bed8d148b2fb0916c975407d86e9a1516"
  },
  "application": {
    "id": "ryoiku",
    "authentication": "standard-account",
    "locale": "en"
  },
  "implementation": [
    {
      "path": "e2e/ryoiku.e2e.ts",
      "sha256": "62f2c017f3d18dbdf50af89358cd74af7847d87488358af46099c33c247c0601",
      "roles": [
        "theme-controller"
      ]
    },
    {
      "path": "src/client/main.tsx",
      "sha256": "fd5550d4664e73b34370ff6ca56f215e0757c1dd1914d99ff32fd4c6fe46b3a5",
      "roles": [
        "theme-controller"
      ]
    },
    {
      "path": "src/client/styles.css",
      "sha256": "502bdd0ab6378f4a5ca6958aa01365526b225058d6b85bce3d388c9dc7883359",
      "roles": [
        "components",
        "tokens"
      ]
    },
    {
      "path": "src/client/world-overview.css",
      "sha256": "ced1b39d23da010287d94737fd7c65269ed70f823319d142fb5c57311534cccc",
      "roles": [
        "components",
        "tokens"
      ]
    }
  ]
}
