{
  "schema_version": 1,
  "contract": {
    "id": "ishiku-design-5",
    "version": "5.0.0",
    "sha256": "46628d1b69e5c27c3a339a31afbb7c3bed8d148b2fb0916c975407d86e9a1516"
  },
  "application": {
    "id": "ryoiku",
    "authentication": "standard-account",
    "locale": "en"
  },
  "implementation": [
    {
      "path": "e2e/ryoiku.e2e.ts",
      "sha256": "5925ed59b74283e834bfc747545ff7a47f4fd00b7fa6887773b092b524654932",
      "roles": [
        "theme-controller"
      ]
    },
    {
      "path": "src/client/main.tsx",
      "sha256": "f83a00416d03bfc7906109f786bc4e6fe71d65cfa9d2c8e170a71170dda5ca3b",
      "roles": [
        "theme-controller"
      ]
    },
    {
      "path": "src/client/styles.css",
      "sha256": "e66853a4cdae7bdf0dc2c62b64d2b5bc0c7ebde1dab9dee3ca30267ac32ffec2",
      "roles": [
        "components",
        "tokens"
      ]
    },
    {
      "path": "src/client/world-overview.css",
      "sha256": "054304fb106d22318a24e2dcf70181c8b14b12d0369d2e18963d76a950bd1911",
      "roles": [
        "components",
        "tokens"
      ]
    }
  ]
}
